<Solution>
  <Folder Name="/samples/" />
  <Folder Name="/samples/04-bricks/">
    <Project Path="samples/04-bricks/Samples.Block04.Bricks.csproj" />
    <Project Path="samples/04-bricks/source-target-cases/type-cases/Samples.Block04.Bricks.SourceTarget.TypeCases.csproj" />
    <Project Path="samples/04-bricks/source-target-cases/member-registration-cases/Samples.Block04.Bricks.SourceTarget.MemberRegistrationCases.csproj" />
    <Project Path="samples/04-bricks/source-target-cases/namespace-assembly-external-cases/Samples.Block04.Bricks.SourceTarget.NamespaceAssemblyExternalCases.csproj" />
    <Project Path="samples/04-bricks/policy-variant-cases/attribute-only-policy-cases/Samples.Block04.Bricks.PolicyVariants.AttributeOnly.csproj" />
    <Project Path="samples/04-bricks/policy-variant-cases/attribute-multi-policy-cases/Samples.Block04.Bricks.PolicyVariants.AttributeMultiPolicy.csproj" />
    <Project Path="samples/04-bricks/policy-variant-cases/code-policy-cases/Samples.Block04.Bricks.PolicyVariants.CodePolicy.csproj" />
    <Project Path="samples/04-bricks/policy-variant-cases/json-policy-cases/Samples.Block04.Bricks.PolicyVariants.JsonPolicy.csproj" />
    <Project Path="samples/04-bricks/policy-variant-cases/composed-multi-policy-cases/Samples.Block04.Bricks.PolicyVariants.ComposedMultiPolicy.csproj" />
  </Folder>
  <Folder Name="/tests/">
    <Project Path="tests/Samples.Block04.Bricks.Tests/Samples.Block04.Bricks.Tests.csproj" />
  </Folder>
  <Project Path="../nmolecules/src/nMolecules.Bricks/nMolecules.Bricks.csproj" />
</Solution>
